
Microsoft Visual Studio Solution File, Format Version 12.00
# Visual Studio 15
VisualStudioVersion = 15.0.26730.12
MinimumVisualStudioVersion = 10.0.40219.1
Project("{9A19103F-16F7-4668-BE54-9A1E7A4F7556}") = "EasyRbac.Web", "src\EasyRbac.Web\EasyRbac.Web.csproj", "{C27379A8-AC4D-4DAD-9ED4-864EEE76F3DE}"
EndProject
Project("{9A19103F-16F7-4668-BE54-9A1E7A4F7556}") = "EasyRbac.Reponsitory", "src\EasyRbac.Reponsitory\EasyRbac.Reponsitory.csproj", "{E16B360F-5008-4240-A9B1-24B8CD502E79}"
EndProject
Project("{9A19103F-16F7-4668-BE54-9A1E7A4F7556}") = "EasyRbac.Domain", "src\EasyRbac.Domain\EasyRbac.Domain.csproj", "{9EFDC826-5491-45A4-ADF3-2FD555CAFAE5}"
EndProject
Project("{9A19103F-16F7-4668-BE54-9A1E7A4F7556}") = "EasyRbac.Service", "src\EasyRbac.Service\EasyRbac.Service.csproj", "{844C8BFE-ED44-4AFC-8831-8B82280BEFF7}"
EndProject
Project("{9A19103F-16F7-4668-BE54-9A1E7A4F7556}") = "EasyRbac.Application", "src\EasyRbac.Application\EasyRbac.Application.csproj", "{6F75497F-16C5-48A0-94A0-CF2C725A3363}"
EndProject
Project("{2150E333-8FDC-42A3-9474-1A3956D46DE8}") = "src", "src", "{AF3FD709-E65B-49E7-B960-F96D5368361A}"
EndProject
Project("{2150E333-8FDC-42A3-9474-1A3956D46DE8}") = "test", "test", "{A78A9DDC-2CD5-4AB9-98BC-981C83950DDD}"
EndProject
Project("{9A19103F-16F7-4668-BE54-9A1E7A4F7556}") = "EasyRbac.Test", "src\EasyRbac.Test\EasyRbac.Test.csproj", "{29F532B6-40A4-4D28-AA73-9AFA47455FC3}"
EndProject
Project("{9A19103F-16F7-4668-BE54-9A1E7A4F7556}") = "EasyRbac.Dto", "src\EasyRbac.Dto\EasyRbac.Dto.csproj", "{67608D53-4226-4C4F-B20B-80E00B43F1CF}"
EndProject
Project("{2150E333-8FDC-42A3-9474-1A3956D46DE8}") = "solutionItems", "solutionItems", "{9ECF7E92-A1BE-43BE-B964-71BC45C402A5}"
	ProjectSection(SolutionItems) = preProject
		..\.gitignore = ..\.gitignore
	EndProjectSection
EndProject
Project("{2150E333-8FDC-42A3-9474-1A3956D46DE8}") = ".nuget", ".nuget", "{B51DD6EA-A938-480E-9799-DF1C38B79DDE}"
	ProjectSection(SolutionItems) = preProject
		NuGet.Config = NuGet.Config
	EndProjectSection
EndProject
Project("{FAE04EC0-301F-11D3-BF4B-00C04F79EFBC}") = "EasyRbac.Utils", "src\EasyRbac.Utils\EasyRbac.Utils.csproj", "{FC6DC59B-0CD4-4D81-BCFB-AAA3E8584DE3}"
EndProject
Global
	GlobalSection(SolutionConfigurationPlatforms) = preSolution
		Debug|Any CPU = Debug|Any CPU
		Release|Any CPU = Release|Any CPU
	EndGlobalSection
	GlobalSection(ProjectConfigurationPlatforms) = postSolution
		{C27379A8-AC4D-4DAD-9ED4-864EEE76F3DE}.Debug|Any CPU.ActiveCfg = Debug|Any CPU
		{C27379A8-AC4D-4DAD-9ED4-864EEE76F3DE}.Debug|Any CPU.Build.0 = Debug|Any CPU
		{C27379A8-AC4D-4DAD-9ED4-864EEE76F3DE}.Release|Any CPU.ActiveCfg = Release|Any CPU
		{C27379A8-AC4D-4DAD-9ED4-864EEE76F3DE}.Release|Any CPU.Build.0 = Release|Any CPU
		{E16B360F-5008-4240-A9B1-24B8CD502E79}.Debug|Any CPU.ActiveCfg = Debug|Any CPU
		{E16B360F-5008-4240-A9B1-24B8CD502E79}.Debug|Any CPU.Build.0 = Debug|Any CPU
		{E16B360F-5008-4240-A9B1-24B8CD502E79}.Release|Any CPU.ActiveCfg = Release|Any CPU
		{E16B360F-5008-4240-A9B1-24B8CD502E79}.Release|Any CPU.Build.0 = Release|Any CPU
		{9EFDC826-5491-45A4-ADF3-2FD555CAFAE5}.Debug|Any CPU.ActiveCfg = Debug|Any CPU
		{9EFDC826-5491-45A4-ADF3-2FD555CAFAE5}.Debug|Any CPU.Build.0 = Debug|Any CPU
		{9EFDC826-5491-45A4-ADF3-2FD555CAFAE5}.Release|Any CPU.ActiveCfg = Release|Any CPU
		{9EFDC826-5491-45A4-ADF3-2FD555CAFAE5}.Release|Any CPU.Build.0 = Release|Any CPU
		{844C8BFE-ED44-4AFC-8831-8B82280BEFF7}.Debug|Any CPU.ActiveCfg = Debug|Any CPU
		{844C8BFE-ED44-4AFC-8831-8B82280BEFF7}.Debug|Any CPU.Build.0 = Debug|Any CPU
		{844C8BFE-ED44-4AFC-8831-8B82280BEFF7}.Release|Any CPU.ActiveCfg = Release|Any CPU
		{844C8BFE-ED44-4AFC-8831-8B82280BEFF7}.Release|Any CPU.Build.0 = Release|Any CPU
		{6F75497F-16C5-48A0-94A0-CF2C725A3363}.Debug|Any CPU.ActiveCfg = Debug|Any CPU
		{6F75497F-16C5-48A0-94A0-CF2C725A3363}.Debug|Any CPU.Build.0 = Debug|Any CPU
		{6F75497F-16C5-48A0-94A0-CF2C725A3363}.Release|Any CPU.ActiveCfg = Release|Any CPU
		{6F75497F-16C5-48A0-94A0-CF2C725A3363}.Release|Any CPU.Build.0 = Release|Any CPU
		{29F532B6-40A4-4D28-AA73-9AFA47455FC3}.Debug|Any CPU.ActiveCfg = Debug|Any CPU
		{29F532B6-40A4-4D28-AA73-9AFA47455FC3}.Debug|Any CPU.Build.0 = Debug|Any CPU
		{29F532B6-40A4-4D28-AA73-9AFA47455FC3}.Release|Any CPU.ActiveCfg = Release|Any CPU
		{29F532B6-40A4-4D28-AA73-9AFA47455FC3}.Release|Any CPU.Build.0 = Release|Any CPU
		{67608D53-4226-4C4F-B20B-80E00B43F1CF}.Debug|Any CPU.ActiveCfg = Debug|Any CPU
		{67608D53-4226-4C4F-B20B-80E00B43F1CF}.Debug|Any CPU.Build.0 = Debug|Any CPU
		{67608D53-4226-4C4F-B20B-80E00B43F1CF}.Release|Any CPU.ActiveCfg = Release|Any CPU
		{67608D53-4226-4C4F-B20B-80E00B43F1CF}.Release|Any CPU.Build.0 = Release|Any CPU
		{FC6DC59B-0CD4-4D81-BCFB-AAA3E8584DE3}.Debug|Any CPU.ActiveCfg = Debug|Any CPU
		{FC6DC59B-0CD4-4D81-BCFB-AAA3E8584DE3}.Debug|Any CPU.Build.0 = Debug|Any CPU
		{FC6DC59B-0CD4-4D81-BCFB-AAA3E8584DE3}.Release|Any CPU.ActiveCfg = Release|Any CPU
		{FC6DC59B-0CD4-4D81-BCFB-AAA3E8584DE3}.Release|Any CPU.Build.0 = Release|Any CPU
	EndGlobalSection
	GlobalSection(SolutionProperties) = preSolution
		HideSolutionNode = FALSE
	EndGlobalSection
	GlobalSection(NestedProjects) = preSolution
		{C27379A8-AC4D-4DAD-9ED4-864EEE76F3DE} = {AF3FD709-E65B-49E7-B960-F96D5368361A}
		{E16B360F-5008-4240-A9B1-24B8CD502E79} = {AF3FD709-E65B-49E7-B960-F96D5368361A}
		{9EFDC826-5491-45A4-ADF3-2FD555CAFAE5} = {AF3FD709-E65B-49E7-B960-F96D5368361A}
		{844C8BFE-ED44-4AFC-8831-8B82280BEFF7} = {AF3FD709-E65B-49E7-B960-F96D5368361A}
		{6F75497F-16C5-48A0-94A0-CF2C725A3363} = {AF3FD709-E65B-49E7-B960-F96D5368361A}
		{29F532B6-40A4-4D28-AA73-9AFA47455FC3} = {A78A9DDC-2CD5-4AB9-98BC-981C83950DDD}
		{67608D53-4226-4C4F-B20B-80E00B43F1CF} = {AF3FD709-E65B-49E7-B960-F96D5368361A}
		{FC6DC59B-0CD4-4D81-BCFB-AAA3E8584DE3} = {AF3FD709-E65B-49E7-B960-F96D5368361A}
	EndGlobalSection
	GlobalSection(ExtensibilityGlobals) = postSolution
		SolutionGuid = {F74244F4-27C0-4CE5-A262-4D312C150854}
	EndGlobalSection
EndGlobal
